// !$*UTF8*$!
{
	archiveVersion = 1;
	classes = {
	};
	objectVersion = 50;
	objects = {

/* Begin PBXBuildFile section */
		824C900D26B008FB0015C76E /* AlarmoApp.swift in Sources */ = {isa = PBXBuildFile; fileRef = 824C900C26B008FB0015C76E /* AlarmoApp.swift */; };
		824C900F26B008FB0015C76E /* ContentView.swift in Sources */ = {isa = PBXBuildFile; fileRef = 824C900E26B008FB0015C76E /* ContentView.swift */; };
		824C901126B009020015C76E /* Assets.xcassets in Resources */ = {isa = PBXBuildFile; fileRef = 824C901026B009020015C76E /* Assets.xcassets */; };
		824C901426B009020015C76E /* Preview Assets.xcassets in Resources */ = {isa = PBXBuildFile; fileRef = 824C901326B009020015C76E /* Preview Assets.xcassets */; };
		824C901F26B009A00015C76E /* LoaderView.swift in Sources */ = {isa = PBXBuildFile; fileRef = 824C901E26B009A00015C76E /* LoaderView.swift */; };
		824C902326B00B900015C76E /* AlarmsView.swift in Sources */ = {isa = PBXBuildFile; fileRef = 824C902226B00B900015C76E /* AlarmsView.swift */; };
		824C902526B00BA70015C76E /* StopWatchView.swift in Sources */ = {isa = PBXBuildFile; fileRef = 824C902426B00BA70015C76E /* StopWatchView.swift */; };
		824C902726B00BB60015C76E /* TimerView.swift in Sources */ = {isa = PBXBuildFile; fileRef = 824C902626B00BB60015C76E /* TimerView.swift */; };
		82FC829826B0285500FCEB20 /* RemindersView.swift in Sources */ = {isa = PBXBuildFile; fileRef = 82FC829726B0285500FCEB20 /* RemindersView.swift */; };
		82FC829A26B0287200FCEB20 /* Reminder.swift in Sources */ = {isa = PBXBuildFile; fileRef = 82FC829926B0287200FCEB20 /* Reminder.swift */; };
/* End PBXBuildFile section */

/* Begin PBXFileReference section */
		824C900926B008FB0015C76E /* Alarmo.app */ = {isa = PBXFileReference; explicitFileType = wrapper.application; includeInIndex = 0; path = Alarmo.app; sourceTree = BUILT_PRODUCTS_DIR; };
		824C900C26B008FB0015C76E /* AlarmoApp.swift */ = {isa = PBXFileReference; lastKnownFileType = sourcecode.swift; path = AlarmoApp.swift; sourceTree = "<group>"; };
		824C900E26B008FB0015C76E /* ContentView.swift */ = {isa = PBXFileReference; lastKnownFileType = sourcecode.swift; path = ContentView.swift; sourceTree = "<group>"; };
		824C901026B009020015C76E /* Assets.xcassets */ = {isa = PBXFileReference; lastKnownFileType = folder.assetcatalog; path = Assets.xcassets; sourceTree = "<group>"; };
		824C901326B009020015C76E /* Preview Assets.xcassets */ = {isa = PBXFileReference; lastKnownFileType = folder.assetcatalog; path = "Preview Assets.xcassets"; sourceTree = "<group>"; };
		824C901526B009020015C76E /* Info.plist */ = {isa = PBXFileReference; lastKnownFileType = text.plist.xml; path = Info.plist; sourceTree = "<group>"; };
		824C901E26B009A00015C76E /* LoaderView.swift */ = {isa = PBXFileReference; lastKnownFileType = sourcecode.swift; path = LoaderView.swift; sourceTree = "<group>"; };
		824C902226B00B900015C76E /* AlarmsView.swift */ = {isa = PBXFileReference; lastKnownFileType = sourcecode.swift; path = AlarmsView.swift; sourceTree = "<group>"; };
		824C902426B00BA70015C76E /* StopWatchView.swift */ = {isa = PBXFileReference; lastKnownFileType = sourcecode.swift; path = StopWatchView.swift; sourceTree = "<group>"; };
		824C902626B00BB60015C76E /* TimerView.swift */ = {isa = PBXFileReference; lastKnownFileType = sourcecode.swift; path = TimerView.swift; sourceTree = "<group>"; };
		82FC829726B0285500FCEB20 /* RemindersView.swift */ = {isa = PBXFileReference; lastKnownFileType = sourcecode.swift; path = RemindersView.swift; sourceTree = "<group>"; };
		82FC829926B0287200FCEB20 /* Reminder.swift */ = {isa = PBXFileReference; lastKnownFileType = sourcecode.swift; path = Reminder.swift; sourceTree = "<group>"; };
/* End PBXFileReference section */

/* Begin PBXFrameworksBuildPhase section */
		824C900626B008FB0015C76E /* Frameworks */ = {
			isa = PBXFrameworksBuildPhase;
			buildActionMask = 2147483647;
			files = (
			);
			runOnlyForDeploymentPostprocessing = 0;
		};
/* End PBXFrameworksBuildPhase section */

/* Begin PBXGroup section */
		824C900026B008FB0015C76E = {
			isa = PBXGroup;
			children = (
				824C900B26B008FB0015C76E /* Alarmo */,
				824C900A26B008FB0015C76E /* Products */,
			);
			sourceTree = "<group>";
		};
		824C900A26B008FB0015C76E /* Products */ = {
			isa = PBXGroup;
			children = (
				824C900926B008FB0015C76E /* Alarmo.app */,
			);
			name = Products;
			sourceTree = "<group>";
		};
		824C900B26B008FB0015C76E /* Alarmo */ = {
			isa = PBXGroup;
			children = (
				824C900C26B008FB0015C76E /* AlarmoApp.swift */,
				824C900E26B008FB0015C76E /* ContentView.swift */,
				824C901B26B009830015C76E /* Views */,
				824C901C26B009890015C76E /* Models */,
				824C901026B009020015C76E /* Assets.xcassets */,
				824C901526B009020015C76E /* Info.plist */,
				824C901226B009020015C76E /* Preview Content */,
			);
			path = Alarmo;
			sourceTree = "<group>";
		};
		824C901226B009020015C76E /* Preview Content */ = {
			isa = PBXGroup;
			children = (
				824C901326B009020015C76E /* Preview Assets.xcassets */,
			);
			path = "Preview Content";
			sourceTree = "<group>";
		};
		824C901B26B009830015C76E /* Views */ = {
			isa = PBXGroup;
			children = (
				82FC829726B0285500FCEB20 /* RemindersView.swift */,
				824C902226B00B900015C76E /* AlarmsView.swift */,
				824C902426B00BA70015C76E /* StopWatchView.swift */,
				824C902626B00BB60015C76E /* TimerView.swift */,
				824C901D26B009920015C76E /* Custom Views */,
			);
			path = Views;
			sourceTree = "<group>";
		};
		824C901C26B009890015C76E /* Models */ = {
			isa = PBXGroup;
			children = (
				82FC829926B0287200FCEB20 /* Reminder.swift */,
			);
			path = Models;
			sourceTree = "<group>";
		};
		824C901D26B009920015C76E /* Custom Views */ = {
			isa = PBXGroup;
			children = (
				824C901E26B009A00015C76E /* LoaderView.swift */,
			);
			path = "Custom Views";
			sourceTree = "<group>";
		};
/* End PBXGroup section */

/* Begin PBXNativeTarget section */
		824C900826B008FB0015C76E /* Alarmo */ = {
			isa = PBXNativeTarget;
			buildConfigurationList = 824C901826B009020015C76E /* Build configuration list for PBXNativeTarget "Alarmo" */;
			buildPhases = (
				824C900526B008FB0015C76E /* Sources */,
				824C900626B008FB0015C76E /* Frameworks */,
				824C900726B008FB0015C76E /* Resources */,
			);
			buildRules = (
			);
			dependencies = (
			);
			name = Alarmo;
			productName = Alarmo;
			productReference = 824C900926B008FB0015C76E /* Alarmo.app */;
			productType = "com.apple.product-type.application";
		};
/* End PBXNativeTarget section */

/* Begin PBXProject section */
		824C900126B008FB0015C76E /* Project object */ = {
			isa = PBXProject;
			attributes = {
				LastSwiftUpdateCheck = 1250;
				LastUpgradeCheck = 1250;
				TargetAttributes = {
					824C900826B008FB0015C76E = {
						CreatedOnToolsVersion = 12.5.1;
					};
				};
			};
			buildConfigurationList = 824C900426B008FB0015C76E /* Build configuration list for PBXProject "Alarmo" */;
			compatibilityVersion = "Xcode 9.3";
			developmentRegion = en;
			hasScannedForEncodings = 0;
			knownRegions = (
				en,
				Base,
			);
			mainGroup = 824C900026B008FB0015C76E;
			productRefGroup = 824C900A26B008FB0015C76E /* Products */;
			projectDirPath = "";
			projectRoot = "";
			targets = (
				824C900826B008FB0015C76E /* Alarmo */,
			);
		};
/* End PBXProject section */

/* Begin PBXResourcesBuildPhase section */
		824C900726B008FB0015C76E /* Resources */ = {
			isa = PBXResourcesBuildPhase;
			buildActionMask = 2147483647;
			files = (
				824C901426B009020015C76E /* Preview Assets.xcassets in Resources */,
				824C901126B009020015C76E /* Assets.xcassets in Resources */,
			);
			runOnlyForDeploymentPostprocessing = 0;
		};
/* End PBXResourcesBuildPhase section */

/* Begin PBXSourcesBuildPhase section */
		824C900526B008FB0015C76E /* Sources */ = {
			isa = PBXSourcesBuildPhase;
			buildActionMask = 2147483647;
			files = (
				824C902726B00BB60015C76E /* TimerView.swift in Sources */,
				824C902526B00BA70015C76E /* StopWatchView.swift in Sources */,
				82FC829826B0285500FCEB20 /* RemindersView.swift in Sources */,
				824C900F26B008FB0015C76E /* ContentView.swift in Sources */,
				824C900D26B008FB0015C76E /* AlarmoApp.swift in Sources */,
				82FC829A26B0287200FCEB20 /* Reminder.swift in Sources */,
				824C902326B00B900015C76E /* AlarmsView.swift in Sources */,
				824C901F26B009A00015C76E /* LoaderView.swift in Sources */,
			);
			runOnlyForDeploymentPostprocessing = 0;
		};
/* End PBXSourcesBuildPhase section */

/* Begin XCBuildConfiguration section */
		824C901626B009020015C76E /* Debug */ = {
			isa = XCBuildConfiguration;
			buildSettings = {
				ALWAYS_SEARCH_USER_PATHS = NO;
				CLANG_ANALYZER_NONNULL = YES;
				CLANG_ANALYZER_NUMBER_OBJECT_CONVERSION = YES_AGGRESSIVE;
				CLANG_CXX_LANGUAGE_STANDARD = "gnu++14";
				CLANG_CXX_LIBRARY = "libc++";
				CLANG_ENABLE_MODULES = YES;
				CLANG_ENABLE_OBJC_ARC = YES;
				CLANG_ENABLE_OBJC_WEAK = YES;
				CLANG_WARN_BLOCK_CAPTURE_AUTORELEASING = YES;
				CLANG_WARN_BOOL_CONVERSION = YES;
				CLANG_WARN_COMMA = YES;
				CLANG_WARN_CONSTANT_CONVERSION = YES;
				CLANG_WARN_DEPRECATED_OBJC_IMPLEMENTATIONS = YES;
				CLANG_WARN_DIRECT_OBJC_ISA_USAGE = YES_ERROR;
				CLANG_WARN_DOCUMENTATION_COMMENTS = YES;
				CLANG_WARN_EMPTY_BODY = YES;
				CLANG_WARN_ENUM_CONVERSION = YES;
				CLANG_WARN_INFINITE_RECURSION = YES;
				CLANG_WARN_INT_CONVERSION = YES;
				CLANG_WARN_NON_LITERAL_NULL_CONVERSION = YES;
				CLANG_WARN_OBJC_IMPLICIT_RETAIN_SELF = YES;
				CLANG_WARN_OBJC_LITERAL_CONVERSION = YES;
				CLANG_WARN_OBJC_ROOT_CLASS = YES_ERROR;
				CLANG_WARN_QUOTED_INCLUDE_IN_FRAMEWORK_HEADER = YES;
				CLANG_WARN_RANGE_LOOP_ANALYSIS = YES;
				CLANG_WARN_STRICT_PROTOTYPES = YES;
				CLANG_WARN_SUSPICIOUS_MOVE = YES;
				CLANG_WARN_UNGUARDED_AVAILABILITY = YES_AGGRESSIVE;
				CLANG_WARN_UNREACHABLE_CODE = YES;
				CLANG_WARN__DUPLICATE_METHOD_MATCH = YES;
				COPY_PHASE_STRIP = NO;
				DEBUG_INFORMATION_FORMAT = dwarf;
				ENABLE_STRICT_OBJC_MSGSEND = YES;
				ENABLE_TESTABILITY = YES;
				GCC_C_LANGUAGE_STANDARD = gnu11;
				GCC_DYNAMIC_NO_PIC = NO;
				GCC_NO_COMMON_BLOCKS = YES;
				GCC_OPTIMIZATION_LEVEL = 0;
				GCC_PREPROCESSOR_DEFINITIONS = (
					"DEBUG=1",
					"$(inherited)",
				);
				GCC_WARN_64_TO_32_BIT_CONVERSION = YES;
				GCC_WARN_ABOUT_RETURN_TYPE = YES_ERROR;
				GCC_WARN_UNDECLARED_SELECTOR = YES;
				GCC_WARN_UNINITIALIZED_AUTOS = YES_AGGRESSIVE;
				GCC_WARN_UNUSED_FUNCTION = YES;
				GCC_WARN_UNUSED_VARIABLE = YES;
				IPHONEOS_DEPLOYMENT_TARGET = 14.5;
				MTL_ENABLE_DEBUG_INFO = INCLUDE_SOURCE;
				MTL_FAST_MATH = YES;
				ONLY_ACTIVE_ARCH = YES;
				SDKROOT = iphoneos;
				SWIFT_ACTIVE_COMPILATION_CONDITIONS = DEBUG;
				SWIFT_OPTIMIZATION_LEVEL = "-Onone";
			};
			name = Debug;
		};
		824C901726B009020015C76E /* Release */ = {
			isa = XCBuildConfiguration;
			buildSettings = {
				ALWAYS_SEARCH_USER_PATHS = NO;
				CLANG_ANALYZER_NONNULL = YES;
				CLANG_ANALYZER_NUMBER_OBJECT_CONVERSION = YES_AGGRESSIVE;
				CLANG_CXX_LANGUAGE_STANDARD = "gnu++14";
				CLANG_CXX_LIBRARY = "libc++";
				CLANG_ENABLE_MODULES = YES;
				CLANG_ENABLE_OBJC_ARC = YES;
				CLANG_ENABLE_OBJC_WEAK = YES;
				CLANG_WARN_BLOCK_CAPTURE_AUTORELEASING = YES;
				CLANG_WARN_BOOL_CONVERSION = YES;
				CLANG_WARN_COMMA = YES;
				CLANG_WARN_CONSTANT_CONVERSION = YES;
				CLANG_WARN_DEPRECATED_OBJC_IMPLEMENTATIONS = YES;
				CLANG_WARN_DIRECT_OBJC_ISA_USAGE = YES_ERROR;
				CLANG_WARN_DOCUMENTATION_COMMENTS = YES;
				CLANG_WARN_EMPTY_BODY = YES;
				CLANG_WARN_ENUM_CONVERSION = YES;
				CLANG_WARN_INFINITE_RECURSION = YES;
				CLANG_WARN_INT_CONVERSION = YES;
				CLANG_WARN_NON_LITERAL_NULL_CONVERSION = YES;
				CLANG_WARN_OBJC_IMPLICIT_RETAIN_SELF = YES;
				CLANG_WARN_OBJC_LITERAL_CONVERSION = YES;
				CLANG_WARN_OBJC_ROOT_CLASS = YES_ERROR;
				CLANG_WARN_QUOTED_INCLUDE_IN_FRAMEWORK_HEADER = YES;
				CLANG_WARN_RANGE_LOOP_ANALYSIS = YES;
				CLANG_WARN_STRICT_PROTOTYPES = YES;
				CLANG_WARN_SUSPICIOUS_MOVE = YES;
				CLANG_WARN_UNGUARDED_AVAILABILITY = YES_AGGRESSIVE;
				CLANG_WARN_UNREACHABLE_CODE = YES;
				CLANG_WARN__DUPLICATE_METHOD_MATCH = YES;
				COPY_PHASE_STRIP = NO;
				DEBUG_INFORMATION_FORMAT = "dwarf-with-dsym";
				ENABLE_NS_ASSERTIONS = NO;
				ENABLE_STRICT_OBJC_MSGSEND = YES;
				GCC_C_LANGUAGE_STANDARD = gnu11;
				GCC_NO_COMMON_BLOCKS = YES;
				GCC_WARN_64_TO_32_BIT_CONVERSION = YES;
				GCC_WARN_ABOUT_RETURN_TYPE = YES_ERROR;
				GCC_WARN_UNDECLARED_SELECTOR = YES;
				GCC_WARN_UNINITIALIZED_AUTOS = YES_AGGRESSIVE;
				GCC_WARN_UNUSED_FUNCTION = YES;
				GCC_WARN_UNUSED_VARIABLE = YES;
				IPHONEOS_DEPLOYMENT_TARGET = 14.5;
				MTL_ENABLE_DEBUG_INFO = NO;
				MTL_FAST_MATH = YES;
				SDKROOT = iphoneos;
				SWIFT_COMPILATION_MODE = wholemodule;
				SWIFT_OPTIMIZATION_LEVEL = "-O";
				VALIDATE_PRODUCT = YES;
			};
			name = Release;
		};
		824C901926B009020015C76E /* Debug */ = {
			isa = XCBuildConfiguration;
			buildSettings = {
				ASSETCATALOG_COMPILER_APPICON_NAME = AppIcon;
				ASSETCATALOG_COMPILER_GLOBAL_ACCENT_COLOR_NAME = AccentColor;
				CODE_SIGN_STYLE = Automatic;
				DEVELOPMENT_ASSET_PATHS = "\"Alarmo/Preview Content\"";
				DEVELOPMENT_TEAM = 9C9R36NYWY;
				ENABLE_PREVIEWS = YES;
				INFOPLIST_FILE = Alarmo/Info.plist;
				IPHONEOS_DEPLOYMENT_TARGET = 14.0;
				LD_RUNPATH_SEARCH_PATHS = (
					"$(inherited)",
					"@executable_path/Frameworks",
				);
				PRODUCT_BUNDLE_IDENTIFIER = com.cedo.commonworldinc.Alarmo;
				PRODUCT_NAME = "$(TARGET_NAME)";
				SWIFT_VERSION = 5.0;
				TARGETED_DEVICE_FAMILY = "1,2";
			};
			name = Debug;
		};
		824C901A26B009020015C76E /* Release */ = {
			isa = XCBuildConfiguration;
			buildSettings = {
				ASSETCATALOG_COMPILER_APPICON_NAME = AppIcon;
				ASSETCATALOG_COMPILER_GLOBAL_ACCENT_COLOR_NAME = AccentColor;
				CODE_SIGN_STYLE = Automatic;
				DEVELOPMENT_ASSET_PATHS = "\"Alarmo/Preview Content\"";
				DEVELOPMENT_TEAM = 9C9R36NYWY;
				ENABLE_PREVIEWS = YES;
				INFOPLIST_FILE = Alarmo/Info.plist;
				IPHONEOS_DEPLOYMENT_TARGET = 14.0;
				LD_RUNPATH_SEARCH_PATHS = (
					"$(inherited)",
					"@executable_path/Frameworks",
				);
				PRODUCT_BUNDLE_IDENTIFIER = com.cedo.commonworldinc.Alarmo;
				PRODUCT_NAME = "$(TARGET_NAME)";
				SWIFT_VERSION = 5.0;
				TARGETED_DEVICE_FAMILY = "1,2";
			};
			name = Release;
		};
/* End XCBuildConfiguration section */

/* Begin XCConfigurationList section */
		824C900426B008FB0015C76E /* Build configuration list for PBXProject "Alarmo" */ = {
			isa = XCConfigurationList;
			buildConfigurations = (
				824C901626B009020015C76E /* Debug */,
				824C901726B009020015C76E /* Release */,
			);
			defaultConfigurationIsVisible = 0;
			defaultConfigurationName = Release;
		};
		824C901826B009020015C76E /* Build configuration list for PBXNativeTarget "Alarmo" */ = {
			isa = XCConfigurationList;
			buildConfigurations = (
				824C901926B009020015C76E /* Debug */,
				824C901A26B009020015C76E /* Release */,
			);
			defaultConfigurationIsVisible = 0;
			defaultConfigurationName = Release;
		};
/* End XCConfigurationList section */
	};
	rootObject = 824C900126B008FB0015C76E /* Project object */;
}
