// !$*UTF8*$!
{
	archiveVersion = 1;
	classes = {
	};
	objectVersion = 50;
	objects = {

/* Begin PBXBuildFile section */
		824AEAC824D601290062B19C /* AppDelegate.swift in Sources */ = {isa = PBXBuildFile; fileRef = 824AEAC724D601290062B19C /* AppDelegate.swift */; };
		824AEACA24D601290062B19C /* SceneDelegate.swift in Sources */ = {isa = PBXBuildFile; fileRef = 824AEAC924D601290062B19C /* SceneDelegate.swift */; };
		824AEACC24D601290062B19C /* ViewController.swift in Sources */ = {isa = PBXBuildFile; fileRef = 824AEACB24D601290062B19C /* ViewController.swift */; };
		824AEACF24D601290062B19C /* Main.storyboard in Resources */ = {isa = PBXBuildFile; fileRef = 824AEACD24D601290062B19C /* Main.storyboard */; };
		824AEAD124D6012D0062B19C /* Assets.xcassets in Resources */ = {isa = PBXBuildFile; fileRef = 824AEAD024D6012D0062B19C /* Assets.xcassets */; };
		824AEAD424D6012D0062B19C /* LaunchScreen.storyboard in Resources */ = {isa = PBXBuildFile; fileRef = 824AEAD224D6012D0062B19C /* LaunchScreen.storyboard */; };
		824AEADF24D6012D0062B19C /* DO_ITTests.swift in Sources */ = {isa = PBXBuildFile; fileRef = 824AEADE24D6012D0062B19C /* DO_ITTests.swift */; };
		824AEAEE24D609E40062B19C /* TimerViewController.swift in Sources */ = {isa = PBXBuildFile; fileRef = 824AEAED24D609E40062B19C /* TimerViewController.swift */; };
		824AEAF024D609EC0062B19C /* StopWatchViewController.swift in Sources */ = {isa = PBXBuildFile; fileRef = 824AEAEF24D609EC0062B19C /* StopWatchViewController.swift */; };
		824AEAF224D60B1A0062B19C /* ReminderTableViewController.swift in Sources */ = {isa = PBXBuildFile; fileRef = 824AEAF124D60B1A0062B19C /* ReminderTableViewController.swift */; };
		824AEAF424D613080062B19C /* ReminderTableViewCell.swift in Sources */ = {isa = PBXBuildFile; fileRef = 824AEAF324D613080062B19C /* ReminderTableViewCell.swift */; };
		8286C61624D6214400E2A3C9 /* AlarmTableViewController.swift in Sources */ = {isa = PBXBuildFile; fileRef = 8286C61524D6214400E2A3C9 /* AlarmTableViewController.swift */; };
		8286C61824D625D700E2A3C9 /* AlarmTableViewCell.swift in Sources */ = {isa = PBXBuildFile; fileRef = 8286C61724D625D700E2A3C9 /* AlarmTableViewCell.swift */; };
		8286C61A24D64CDE00E2A3C9 /* LapTimeTableViewCell.swift in Sources */ = {isa = PBXBuildFile; fileRef = 8286C61924D64CDE00E2A3C9 /* LapTimeTableViewCell.swift */; };
		8286C61C24D68C9500E2A3C9 /* CircleView.swift in Sources */ = {isa = PBXBuildFile; fileRef = 8286C61B24D68C9500E2A3C9 /* CircleView.swift */; };
		82B684C624D742180064108F /* LoadingCell.swift in Sources */ = {isa = PBXBuildFile; fileRef = 82B684C424D742180064108F /* LoadingCell.swift */; };
		82B684C724D742180064108F /* LoadingCell.xib in Resources */ = {isa = PBXBuildFile; fileRef = 82B684C524D742180064108F /* LoadingCell.xib */; };
/* End PBXBuildFile section */

/* Begin PBXContainerItemProxy section */
		824AEADB24D6012D0062B19C /* PBXContainerItemProxy */ = {
			isa = PBXContainerItemProxy;
			containerPortal = 824AEABC24D601290062B19C /* Project object */;
			proxyType = 1;
			remoteGlobalIDString = 824AEAC324D601290062B19C;
			remoteInfo = "DO IT";
		};
/* End PBXContainerItemProxy section */

/* Begin PBXFileReference section */
		824AEAC424D601290062B19C /* DO IT.app */ = {isa = PBXFileReference; explicitFileType = wrapper.application; includeInIndex = 0; path = "DO IT.app"; sourceTree = BUILT_PRODUCTS_DIR; };
		824AEAC724D601290062B19C /* AppDelegate.swift */ = {isa = PBXFileReference; lastKnownFileType = sourcecode.swift; path = AppDelegate.swift; sourceTree = "<group>"; };
		824AEAC924D601290062B19C /* SceneDelegate.swift */ = {isa = PBXFileReference; lastKnownFileType = sourcecode.swift; path = SceneDelegate.swift; sourceTree = "<group>"; };
		824AEACB24D601290062B19C /* ViewController.swift */ = {isa = PBXFileReference; lastKnownFileType = sourcecode.swift; path = ViewController.swift; sourceTree = "<group>"; };
		824AEACE24D601290062B19C /* Base */ = {isa = PBXFileReference; lastKnownFileType = file.storyboard; name = Base; path = Base.lproj/Main.storyboard; sourceTree = "<group>"; };
		824AEAD024D6012D0062B19C /* Assets.xcassets */ = {isa = PBXFileReference; lastKnownFileType = folder.assetcatalog; path = Assets.xcassets; sourceTree = "<group>"; };
		824AEAD324D6012D0062B19C /* Base */ = {isa = PBXFileReference; lastKnownFileType = file.storyboard; name = Base; path = Base.lproj/LaunchScreen.storyboard; sourceTree = "<group>"; };
		824AEAD524D6012D0062B19C /* Info.plist */ = {isa = PBXFileReference; lastKnownFileType = text.plist.xml; path = Info.plist; sourceTree = "<group>"; };
		824AEADA24D6012D0062B19C /* DO ITTests.xctest */ = {isa = PBXFileReference; explicitFileType = wrapper.cfbundle; includeInIndex = 0; path = "DO ITTests.xctest"; sourceTree = BUILT_PRODUCTS_DIR; };
		824AEADE24D6012D0062B19C /* DO_ITTests.swift */ = {isa = PBXFileReference; lastKnownFileType = sourcecode.swift; path = DO_ITTests.swift; sourceTree = "<group>"; };
		824AEAE024D6012D0062B19C /* Info.plist */ = {isa = PBXFileReference; lastKnownFileType = text.plist.xml; path = Info.plist; sourceTree = "<group>"; };
		824AEAED24D609E40062B19C /* TimerViewController.swift */ = {isa = PBXFileReference; lastKnownFileType = sourcecode.swift; path = TimerViewController.swift; sourceTree = "<group>"; };
		824AEAEF24D609EC0062B19C /* StopWatchViewController.swift */ = {isa = PBXFileReference; lastKnownFileType = sourcecode.swift; path = StopWatchViewController.swift; sourceTree = "<group>"; };
		824AEAF124D60B1A0062B19C /* ReminderTableViewController.swift */ = {isa = PBXFileReference; lastKnownFileType = sourcecode.swift; path = ReminderTableViewController.swift; sourceTree = "<group>"; };
		824AEAF324D613080062B19C /* ReminderTableViewCell.swift */ = {isa = PBXFileReference; lastKnownFileType = sourcecode.swift; path = ReminderTableViewCell.swift; sourceTree = "<group>"; };
		8286C61524D6214400E2A3C9 /* AlarmTableViewController.swift */ = {isa = PBXFileReference; lastKnownFileType = sourcecode.swift; path = AlarmTableViewController.swift; sourceTree = "<group>"; };
		8286C61724D625D700E2A3C9 /* AlarmTableViewCell.swift */ = {isa = PBXFileReference; lastKnownFileType = sourcecode.swift; path = AlarmTableViewCell.swift; sourceTree = "<group>"; };
		8286C61924D64CDE00E2A3C9 /* LapTimeTableViewCell.swift */ = {isa = PBXFileReference; lastKnownFileType = sourcecode.swift; path = LapTimeTableViewCell.swift; sourceTree = "<group>"; };
		8286C61B24D68C9500E2A3C9 /* CircleView.swift */ = {isa = PBXFileReference; lastKnownFileType = sourcecode.swift; path = CircleView.swift; sourceTree = "<group>"; };
		82B684C424D742180064108F /* LoadingCell.swift */ = {isa = PBXFileReference; lastKnownFileType = sourcecode.swift; path = LoadingCell.swift; sourceTree = "<group>"; };
		82B684C524D742180064108F /* LoadingCell.xib */ = {isa = PBXFileReference; lastKnownFileType = file.xib; path = LoadingCell.xib; sourceTree = "<group>"; };
/* End PBXFileReference section */

/* Begin PBXFrameworksBuildPhase section */
		824AEAC124D601290062B19C /* Frameworks */ = {
			isa = PBXFrameworksBuildPhase;
			buildActionMask = 2147483647;
			files = (
			);
			runOnlyForDeploymentPostprocessing = 0;
		};
		824AEAD724D6012D0062B19C /* Frameworks */ = {
			isa = PBXFrameworksBuildPhase;
			buildActionMask = 2147483647;
			files = (
			);
			runOnlyForDeploymentPostprocessing = 0;
		};
/* End PBXFrameworksBuildPhase section */

/* Begin PBXGroup section */
		824AEABB24D601290062B19C = {
			isa = PBXGroup;
			children = (
				824AEAC624D601290062B19C /* DO IT */,
				824AEADD24D6012D0062B19C /* DO ITTests */,
				824AEAC524D601290062B19C /* Products */,
			);
			sourceTree = "<group>";
		};
		824AEAC524D601290062B19C /* Products */ = {
			isa = PBXGroup;
			children = (
				824AEAC424D601290062B19C /* DO IT.app */,
				824AEADA24D6012D0062B19C /* DO ITTests.xctest */,
			);
			name = Products;
			sourceTree = "<group>";
		};
		824AEAC624D601290062B19C /* DO IT */ = {
			isa = PBXGroup;
			children = (
				82B684C324D741FC0064108F /* Cells */,
				824AEAC724D601290062B19C /* AppDelegate.swift */,
				824AEAC924D601290062B19C /* SceneDelegate.swift */,
				824AEACB24D601290062B19C /* ViewController.swift */,
				824AEAED24D609E40062B19C /* TimerViewController.swift */,
				824AEAF124D60B1A0062B19C /* ReminderTableViewController.swift */,
				8286C61524D6214400E2A3C9 /* AlarmTableViewController.swift */,
				824AEAF324D613080062B19C /* ReminderTableViewCell.swift */,
				8286C61724D625D700E2A3C9 /* AlarmTableViewCell.swift */,
				8286C61924D64CDE00E2A3C9 /* LapTimeTableViewCell.swift */,
				8286C61B24D68C9500E2A3C9 /* CircleView.swift */,
				824AEAEF24D609EC0062B19C /* StopWatchViewController.swift */,
				824AEACD24D601290062B19C /* Main.storyboard */,
				824AEAD024D6012D0062B19C /* Assets.xcassets */,
				824AEAD224D6012D0062B19C /* LaunchScreen.storyboard */,
				824AEAD524D6012D0062B19C /* Info.plist */,
			);
			path = "DO IT";
			sourceTree = "<group>";
		};
		824AEADD24D6012D0062B19C /* DO ITTests */ = {
			isa = PBXGroup;
			children = (
				824AEADE24D6012D0062B19C /* DO_ITTests.swift */,
				824AEAE024D6012D0062B19C /* Info.plist */,
			);
			path = "DO ITTests";
			sourceTree = "<group>";
		};
		82B684C324D741FC0064108F /* Cells */ = {
			isa = PBXGroup;
			children = (
				82B684C424D742180064108F /* LoadingCell.swift */,
				82B684C524D742180064108F /* LoadingCell.xib */,
			);
			path = Cells;
			sourceTree = "<group>";
		};
/* End PBXGroup section */

/* Begin PBXNativeTarget section */
		824AEAC324D601290062B19C /* DO IT */ = {
			isa = PBXNativeTarget;
			buildConfigurationList = 824AEAE324D6012D0062B19C /* Build configuration list for PBXNativeTarget "DO IT" */;
			buildPhases = (
				824AEAC024D601290062B19C /* Sources */,
				824AEAC124D601290062B19C /* Frameworks */,
				824AEAC224D601290062B19C /* Resources */,
			);
			buildRules = (
			);
			dependencies = (
			);
			name = "DO IT";
			productName = "DO IT";
			productReference = 824AEAC424D601290062B19C /* DO IT.app */;
			productType = "com.apple.product-type.application";
		};
		824AEAD924D6012D0062B19C /* DO ITTests */ = {
			isa = PBXNativeTarget;
			buildConfigurationList = 824AEAE624D6012D0062B19C /* Build configuration list for PBXNativeTarget "DO ITTests" */;
			buildPhases = (
				824AEAD624D6012D0062B19C /* Sources */,
				824AEAD724D6012D0062B19C /* Frameworks */,
				824AEAD824D6012D0062B19C /* Resources */,
			);
			buildRules = (
			);
			dependencies = (
				824AEADC24D6012D0062B19C /* PBXTargetDependency */,
			);
			name = "DO ITTests";
			productName = "DO ITTests";
			productReference = 824AEADA24D6012D0062B19C /* DO ITTests.xctest */;
			productType = "com.apple.product-type.bundle.unit-test";
		};
/* End PBXNativeTarget section */

/* Begin PBXProject section */
		824AEABC24D601290062B19C /* Project object */ = {
			isa = PBXProject;
			attributes = {
				LastSwiftUpdateCheck = 1150;
				LastUpgradeCheck = 1250;
				ORGANIZATIONNAME = "Cedric Bahirwe";
				TargetAttributes = {
					824AEAC324D601290062B19C = {
						CreatedOnToolsVersion = 11.5;
					};
					824AEAD924D6012D0062B19C = {
						CreatedOnToolsVersion = 11.5;
						TestTargetID = 824AEAC324D601290062B19C;
					};
				};
			};
			buildConfigurationList = 824AEABF24D601290062B19C /* Build configuration list for PBXProject "DO IT" */;
			compatibilityVersion = "Xcode 9.3";
			developmentRegion = en;
			hasScannedForEncodings = 0;
			knownRegions = (
				en,
				Base,
			);
			mainGroup = 824AEABB24D601290062B19C;
			productRefGroup = 824AEAC524D601290062B19C /* Products */;
			projectDirPath = "";
			projectRoot = "";
			targets = (
				824AEAC324D601290062B19C /* DO IT */,
				824AEAD924D6012D0062B19C /* DO ITTests */,
			);
		};
/* End PBXProject section */

/* Begin PBXResourcesBuildPhase section */
		824AEAC224D601290062B19C /* Resources */ = {
			isa = PBXResourcesBuildPhase;
			buildActionMask = 2147483647;
			files = (
				824AEAD424D6012D0062B19C /* LaunchScreen.storyboard in Resources */,
				824AEAD124D6012D0062B19C /* Assets.xcassets in Resources */,
				82B684C724D742180064108F /* LoadingCell.xib in Resources */,
				824AEACF24D601290062B19C /* Main.storyboard in Resources */,
			);
			runOnlyForDeploymentPostprocessing = 0;
		};
		824AEAD824D6012D0062B19C /* Resources */ = {
			isa = PBXResourcesBuildPhase;
			buildActionMask = 2147483647;
			files = (
			);
			runOnlyForDeploymentPostprocessing = 0;
		};
/* End PBXResourcesBuildPhase section */

/* Begin PBXSourcesBuildPhase section */
		824AEAC024D601290062B19C /* Sources */ = {
			isa = PBXSourcesBuildPhase;
			buildActionMask = 2147483647;
			files = (
				8286C61A24D64CDE00E2A3C9 /* LapTimeTableViewCell.swift in Sources */,
				824AEACC24D601290062B19C /* ViewController.swift in Sources */,
				824AEAF224D60B1A0062B19C /* ReminderTableViewController.swift in Sources */,
				824AEAF424D613080062B19C /* ReminderTableViewCell.swift in Sources */,
				8286C61624D6214400E2A3C9 /* AlarmTableViewController.swift in Sources */,
				824AEAC824D601290062B19C /* AppDelegate.swift in Sources */,
				82B684C624D742180064108F /* LoadingCell.swift in Sources */,
				8286C61C24D68C9500E2A3C9 /* CircleView.swift in Sources */,
				824AEAEE24D609E40062B19C /* TimerViewController.swift in Sources */,
				824AEAF024D609EC0062B19C /* StopWatchViewController.swift in Sources */,
				824AEACA24D601290062B19C /* SceneDelegate.swift in Sources */,
				8286C61824D625D700E2A3C9 /* AlarmTableViewCell.swift in Sources */,
			);
			runOnlyForDeploymentPostprocessing = 0;
		};
		824AEAD624D6012D0062B19C /* Sources */ = {
			isa = PBXSourcesBuildPhase;
			buildActionMask = 2147483647;
			files = (
				824AEADF24D6012D0062B19C /* DO_ITTests.swift in Sources */,
			);
			runOnlyForDeploymentPostprocessing = 0;
		};
/* End PBXSourcesBuildPhase section */

/* Begin PBXTargetDependency section */
		824AEADC24D6012D0062B19C /* PBXTargetDependency */ = {
			isa = PBXTargetDependency;
			target = 824AEAC324D601290062B19C /* DO IT */;
			targetProxy = 824AEADB24D6012D0062B19C /* PBXContainerItemProxy */;
		};
/* End PBXTargetDependency section */

/* Begin PBXVariantGroup section */
		824AEACD24D601290062B19C /* Main.storyboard */ = {
			isa = PBXVariantGroup;
			children = (
				824AEACE24D601290062B19C /* Base */,
			);
			name = Main.storyboard;
			sourceTree = "<group>";
		};
		824AEAD224D6012D0062B19C /* LaunchScreen.storyboard */ = {
			isa = PBXVariantGroup;
			children = (
				824AEAD324D6012D0062B19C /* Base */,
			);
			name = LaunchScreen.storyboard;
			sourceTree = "<group>";
		};
/* End PBXVariantGroup section */

/* Begin XCBuildConfiguration section */
		824AEAE124D6012D0062B19C /* Debug */ = {
			isa = XCBuildConfiguration;
			buildSettings = {
				ALWAYS_SEARCH_USER_PATHS = NO;
				CLANG_ANALYZER_NONNULL = YES;
				CLANG_ANALYZER_NUMBER_OBJECT_CONVERSION = YES_AGGRESSIVE;
				CLANG_CXX_LANGUAGE_STANDARD = "gnu++14";
				CLANG_CXX_LIBRARY = "libc++";
				CLANG_ENABLE_MODULES = YES;
				CLANG_ENABLE_OBJC_ARC = YES;
				CLANG_ENABLE_OBJC_WEAK = YES;
				CLANG_WARN_BLOCK_CAPTURE_AUTORELEASING = YES;
				CLANG_WARN_BOOL_CONVERSION = YES;
				CLANG_WARN_COMMA = YES;
				CLANG_WARN_CONSTANT_CONVERSION = YES;
				CLANG_WARN_DEPRECATED_OBJC_IMPLEMENTATIONS = YES;
				CLANG_WARN_DIRECT_OBJC_ISA_USAGE = YES_ERROR;
				CLANG_WARN_DOCUMENTATION_COMMENTS = YES;
				CLANG_WARN_EMPTY_BODY = YES;
				CLANG_WARN_ENUM_CONVERSION = YES;
				CLANG_WARN_INFINITE_RECURSION = YES;
				CLANG_WARN_INT_CONVERSION = YES;
				CLANG_WARN_NON_LITERAL_NULL_CONVERSION = YES;
				CLANG_WARN_OBJC_IMPLICIT_RETAIN_SELF = YES;
				CLANG_WARN_OBJC_LITERAL_CONVERSION = YES;
				CLANG_WARN_OBJC_ROOT_CLASS = YES_ERROR;
				CLANG_WARN_QUOTED_INCLUDE_IN_FRAMEWORK_HEADER = YES;
				CLANG_WARN_RANGE_LOOP_ANALYSIS = YES;
				CLANG_WARN_STRICT_PROTOTYPES = YES;
				CLANG_WARN_SUSPICIOUS_MOVE = YES;
				CLANG_WARN_UNGUARDED_AVAILABILITY = YES_AGGRESSIVE;
				CLANG_WARN_UNREACHABLE_CODE = YES;
				CLANG_WARN__DUPLICATE_METHOD_MATCH = YES;
				COPY_PHASE_STRIP = NO;
				DEBUG_INFORMATION_FORMAT = dwarf;
				ENABLE_STRICT_OBJC_MSGSEND = YES;
				ENABLE_TESTABILITY = YES;
				GCC_C_LANGUAGE_STANDARD = gnu11;
				GCC_DYNAMIC_NO_PIC = NO;
				GCC_NO_COMMON_BLOCKS = YES;
				GCC_OPTIMIZATION_LEVEL = 0;
				GCC_PREPROCESSOR_DEFINITIONS = (
					"DEBUG=1",
					"$(inherited)",
				);
				GCC_WARN_64_TO_32_BIT_CONVERSION = YES;
				GCC_WARN_ABOUT_RETURN_TYPE = YES_ERROR;
				GCC_WARN_UNDECLARED_SELECTOR = YES;
				GCC_WARN_UNINITIALIZED_AUTOS = YES_AGGRESSIVE;
				GCC_WARN_UNUSED_FUNCTION = YES;
				GCC_WARN_UNUSED_VARIABLE = YES;
				IPHONEOS_DEPLOYMENT_TARGET = 12.0;
				MTL_ENABLE_DEBUG_INFO = INCLUDE_SOURCE;
				MTL_FAST_MATH = YES;
				ONLY_ACTIVE_ARCH = YES;
				SDKROOT = iphoneos;
				SWIFT_ACTIVE_COMPILATION_CONDITIONS = DEBUG;
				SWIFT_OPTIMIZATION_LEVEL = "-Onone";
			};
			name = Debug;
		};
		824AEAE224D6012D0062B19C /* Release */ = {
			isa = XCBuildConfiguration;
			buildSettings = {
				ALWAYS_SEARCH_USER_PATHS = NO;
				CLANG_ANALYZER_NONNULL = YES;
				CLANG_ANALYZER_NUMBER_OBJECT_CONVERSION = YES_AGGRESSIVE;
				CLANG_CXX_LANGUAGE_STANDARD = "gnu++14";
				CLANG_CXX_LIBRARY = "libc++";
				CLANG_ENABLE_MODULES = YES;
				CLANG_ENABLE_OBJC_ARC = YES;
				CLANG_ENABLE_OBJC_WEAK = YES;
				CLANG_WARN_BLOCK_CAPTURE_AUTORELEASING = YES;
				CLANG_WARN_BOOL_CONVERSION = YES;
				CLANG_WARN_COMMA = YES;
				CLANG_WARN_CONSTANT_CONVERSION = YES;
				CLANG_WARN_DEPRECATED_OBJC_IMPLEMENTATIONS = YES;
				CLANG_WARN_DIRECT_OBJC_ISA_USAGE = YES_ERROR;
				CLANG_WARN_DOCUMENTATION_COMMENTS = YES;
				CLANG_WARN_EMPTY_BODY = YES;
				CLANG_WARN_ENUM_CONVERSION = YES;
				CLANG_WARN_INFINITE_RECURSION = YES;
				CLANG_WARN_INT_CONVERSION = YES;
				CLANG_WARN_NON_LITERAL_NULL_CONVERSION = YES;
				CLANG_WARN_OBJC_IMPLICIT_RETAIN_SELF = YES;
				CLANG_WARN_OBJC_LITERAL_CONVERSION = YES;
				CLANG_WARN_OBJC_ROOT_CLASS = YES_ERROR;
				CLANG_WARN_QUOTED_INCLUDE_IN_FRAMEWORK_HEADER = YES;
				CLANG_WARN_RANGE_LOOP_ANALYSIS = YES;
				CLANG_WARN_STRICT_PROTOTYPES = YES;
				CLANG_WARN_SUSPICIOUS_MOVE = YES;
				CLANG_WARN_UNGUARDED_AVAILABILITY = YES_AGGRESSIVE;
				CLANG_WARN_UNREACHABLE_CODE = YES;
				CLANG_WARN__DUPLICATE_METHOD_MATCH = YES;
				COPY_PHASE_STRIP = NO;
				DEBUG_INFORMATION_FORMAT = "dwarf-with-dsym";
				ENABLE_NS_ASSERTIONS = NO;
				ENABLE_STRICT_OBJC_MSGSEND = YES;
				GCC_C_LANGUAGE_STANDARD = gnu11;
				GCC_NO_COMMON_BLOCKS = YES;
				GCC_WARN_64_TO_32_BIT_CONVERSION = YES;
				GCC_WARN_ABOUT_RETURN_TYPE = YES_ERROR;
				GCC_WARN_UNDECLARED_SELECTOR = YES;
				GCC_WARN_UNINITIALIZED_AUTOS = YES_AGGRESSIVE;
				GCC_WARN_UNUSED_FUNCTION = YES;
				GCC_WARN_UNUSED_VARIABLE = YES;
				IPHONEOS_DEPLOYMENT_TARGET = 12.0;
				MTL_ENABLE_DEBUG_INFO = NO;
				MTL_FAST_MATH = YES;
				SDKROOT = iphoneos;
				SWIFT_COMPILATION_MODE = wholemodule;
				SWIFT_OPTIMIZATION_LEVEL = "-O";
				VALIDATE_PRODUCT = YES;
			};
			name = Release;
		};
		824AEAE424D6012D0062B19C /* Debug */ = {
			isa = XCBuildConfiguration;
			buildSettings = {
				ASSETCATALOG_COMPILER_APPICON_NAME = AppIcon;
				CODE_SIGN_STYLE = Automatic;
				DEVELOPMENT_TEAM = 9C9R36NYWY;
				INFOPLIST_FILE = "DO IT/Info.plist";
				LD_RUNPATH_SEARCH_PATHS = (
					"$(inherited)",
					"@executable_path/Frameworks",
				);
				PRODUCT_BUNDLE_IDENTIFIER = "com.cedo.DO-IT";
				PRODUCT_NAME = "$(TARGET_NAME)";
				SWIFT_VERSION = 5.0;
				TARGETED_DEVICE_FAMILY = "1,2";
			};
			name = Debug;
		};
		824AEAE524D6012D0062B19C /* Release */ = {
			isa = XCBuildConfiguration;
			buildSettings = {
				ASSETCATALOG_COMPILER_APPICON_NAME = AppIcon;
				CODE_SIGN_STYLE = Automatic;
				DEVELOPMENT_TEAM = 9C9R36NYWY;
				INFOPLIST_FILE = "DO IT/Info.plist";
				LD_RUNPATH_SEARCH_PATHS = (
					"$(inherited)",
					"@executable_path/Frameworks",
				);
				PRODUCT_BUNDLE_IDENTIFIER = "com.cedo.DO-IT";
				PRODUCT_NAME = "$(TARGET_NAME)";
				SWIFT_VERSION = 5.0;
				TARGETED_DEVICE_FAMILY = "1,2";
			};
			name = Release;
		};
		824AEAE724D6012D0062B19C /* Debug */ = {
			isa = XCBuildConfiguration;
			buildSettings = {
				ALWAYS_EMBED_SWIFT_STANDARD_LIBRARIES = YES;
				BUNDLE_LOADER = "$(TEST_HOST)";
				CODE_SIGN_STYLE = Automatic;
				DEVELOPMENT_TEAM = 9C9R36NYWY;
				INFOPLIST_FILE = "DO ITTests/Info.plist";
				IPHONEOS_DEPLOYMENT_TARGET = 13.5;
				LD_RUNPATH_SEARCH_PATHS = (
					"$(inherited)",
					"@executable_path/Frameworks",
					"@loader_path/Frameworks",
				);
				PRODUCT_BUNDLE_IDENTIFIER = "com.cedo.DO-ITTests";
				PRODUCT_NAME = "$(TARGET_NAME)";
				SWIFT_VERSION = 5.0;
				TARGETED_DEVICE_FAMILY = "1,2";
				TEST_HOST = "$(BUILT_PRODUCTS_DIR)/DO IT.app/DO IT";
			};
			name = Debug;
		};
		824AEAE824D6012D0062B19C /* Release */ = {
			isa = XCBuildConfiguration;
			buildSettings = {
				ALWAYS_EMBED_SWIFT_STANDARD_LIBRARIES = YES;
				BUNDLE_LOADER = "$(TEST_HOST)";
				CODE_SIGN_STYLE = Automatic;
				DEVELOPMENT_TEAM = 9C9R36NYWY;
				INFOPLIST_FILE = "DO ITTests/Info.plist";
				IPHONEOS_DEPLOYMENT_TARGET = 13.5;
				LD_RUNPATH_SEARCH_PATHS = (
					"$(inherited)",
					"@executable_path/Frameworks",
					"@loader_path/Frameworks",
				);
				PRODUCT_BUNDLE_IDENTIFIER = "com.cedo.DO-ITTests";
				PRODUCT_NAME = "$(TARGET_NAME)";
				SWIFT_VERSION = 5.0;
				TARGETED_DEVICE_FAMILY = "1,2";
				TEST_HOST = "$(BUILT_PRODUCTS_DIR)/DO IT.app/DO IT";
			};
			name = Release;
		};
/* End XCBuildConfiguration section */

/* Begin XCConfigurationList section */
		824AEABF24D601290062B19C /* Build configuration list for PBXProject "DO IT" */ = {
			isa = XCConfigurationList;
			buildConfigurations = (
				824AEAE124D6012D0062B19C /* Debug */,
				824AEAE224D6012D0062B19C /* Release */,
			);
			defaultConfigurationIsVisible = 0;
			defaultConfigurationName = Release;
		};
		824AEAE324D6012D0062B19C /* Build configuration list for PBXNativeTarget "DO IT" */ = {
			isa = XCConfigurationList;
			buildConfigurations = (
				824AEAE424D6012D0062B19C /* Debug */,
				824AEAE524D6012D0062B19C /* Release */,
			);
			defaultConfigurationIsVisible = 0;
			defaultConfigurationName = Release;
		};
		824AEAE624D6012D0062B19C /* Build configuration list for PBXNativeTarget "DO ITTests" */ = {
			isa = XCConfigurationList;
			buildConfigurations = (
				824AEAE724D6012D0062B19C /* Debug */,
				824AEAE824D6012D0062B19C /* Release */,
			);
			defaultConfigurationIsVisible = 0;
			defaultConfigurationName = Release;
		};
/* End XCConfigurationList section */
	};
	rootObject = 824AEABC24D601290062B19C /* Project object */;
}
